// !$*UTF8*$!
{
	archiveVersion = 1;
	classes = {
	};
	objectVersion = 77;
	objects = {

/* Begin PBXContainerItemProxy section */
		3562DD172D1084BE001DC904 /* PBXContainerItemProxy */ = {
			isa = PBXContainerItemProxy;
			containerPortal = 3562DCFE2D1084BD001DC904 /* Project object */;
			proxyType = 1;
			remoteGlobalIDString = 3562DD052D1084BD001DC904;
			remoteInfo = EventCountdown;
		};
		3562DD212D1084BE001DC904 /* PBXContainerItemProxy */ = {
			isa = PBXContainerItemProxy;
			containerPortal = 3562DCFE2D1084BD001DC904 /* Project object */;
			proxyType = 1;
			remoteGlobalIDString = 3562DD052D1084BD001DC904;
			remoteInfo = EventCountdown;
		};
/* End PBXContainerItemProxy section */

/* Begin PBXFileReference section */
		3562DD062D1084BD001DC904 /* EventCountdown.app */ = {isa = PBXFileReference; explicitFileType = wrapper.application; includeInIndex = 0; path = EventCountdown.app; sourceTree = BUILT_PRODUCTS_DIR; };
		3562DD162D1084BE001DC904 /* EventCountdownTests.xctest */ = {isa = PBXFileReference; explicitFileType = wrapper.cfbundle; includeInIndex = 0; path = EventCountdownTests.xctest; sourceTree = BUILT_PRODUCTS_DIR; };
		3562DD202D1084BE001DC904 /* EventCountdownUITests.xctest */ = {isa = PBXFileReference; explicitFileType = wrapper.cfbundle; includeInIndex = 0; path = EventCountdownUITests.xctest; sourceTree = BUILT_PRODUCTS_DIR; };
/* End PBXFileReference section */

/* Begin PBXFileSystemSynchronizedRootGroup section */
		3562DD082D1084BD001DC904 /* EventCountdown */ = {
			isa = PBXFileSystemSynchronizedRootGroup;
			path = EventCountdown;
			sourceTree = "<group>";
		};
		3562DD192D1084BE001DC904 /* EventCountdownTests */ = {
			isa = PBXFileSystemSynchronizedRootGroup;
			path = EventCountdownTests;
			sourceTree = "<group>";
		};
		3562DD232D1084BE001DC904 /* EventCountdownUITests */ = {
			isa = PBXFileSystemSynchronizedRootGroup;
			path = EventCountdownUITests;
			sourceTree = "<group>";
		};
/* End PBXFileSystemSynchronizedRootGroup section */

/* Begin PBXFrameworksBuildPhase section */
		3562DD032D1084BD001DC904 /* Frameworks */ = {
			isa = PBXFrameworksBuildPhase;
			buildActionMask = 2147483647;
			files = (
			);
			runOnlyForDeploymentPostprocessing = 0;
		};
		3562DD132D1084BE001DC904 /* Frameworks */ = {
			isa = PBXFrameworksBuildPhase;
			buildActionMask = 2147483647;
			files = (
			);
			runOnlyForDeploymentPostprocessing = 0;
		};
		3562DD1D2D1084BE001DC904 /* Frameworks */ = {
			isa = PBXFrameworksBuildPhase;
			buildActionMask = 2147483647;
			files = (
			);
			runOnlyForDeploymentPostprocessing = 0;
		};
/* End PBXFrameworksBuildPhase section */

/* Begin PBXGroup section */
		3562DCFD2D1084BD001DC904 = {
			isa = PBXGroup;
			children = (
				3562DD082D1084BD001DC904 /* EventCountdown */,
				3562DD192D1084BE001DC904 /* EventCountdownTests */,
				3562DD232D1084BE001DC904 /* EventCountdownUITests */,
				3562DD072D1084BD001DC904 /* Products */,
			);
			sourceTree = "<group>";
		};
		3562DD072D1084BD001DC904 /* Products */ = {
			isa = PBXGroup;
			children = (
				3562DD062D1084BD001DC904 /* EventCountdown.app */,
				3562DD162D1084BE001DC904 /* EventCountdownTests.xctest */,
				3562DD202D1084BE001DC904 /* EventCountdownUITests.xctest */,
			);
			name = Products;
			sourceTree = "<group>";
		};
/* End PBXGroup section */

/* Begin PBXNativeTarget section */
		3562DD052D1084BD001DC904 /* EventCountdown */ = {
			isa = PBXNativeTarget;
			buildConfigurationList = 3562DD2A2D1084BE001DC904 /* Build configuration list for PBXNativeTarget "EventCountdown" */;
			buildPhases = (
				3562DD022D1084BD001DC904 /* Sources */,
				3562DD032D1084BD001DC904 /* Frameworks */,
				3562DD042D1084BD001DC904 /* Resources */,
			);
			buildRules = (
			);
			dependencies = (
			);
			fileSystemSynchronizedGroups = (
				3562DD082D1084BD001DC904 /* EventCountdown */,
			);
			name = EventCountdown;
			packageProductDependencies = (
			);
			productName = EventCountdown;
			productReference = 3562DD062D1084BD001DC904 /* EventCountdown.app */;
			productType = "com.apple.product-type.application";
		};
		3562DD152D1084BE001DC904 /* EventCountdownTests */ = {
			isa = PBXNativeTarget;
			buildConfigurationList = 3562DD2D2D1084BE001DC904 /* Build configuration list for PBXNativeTarget "EventCountdownTests" */;
			buildPhases = (
				3562DD122D1084BE001DC904 /* Sources */,
				3562DD132D1084BE001DC904 /* Frameworks */,
				3562DD142D1084BE001DC904 /* Resources */,
			);
			buildRules = (
			);
			dependencies = (
				3562DD182D1084BE001DC904 /* PBXTargetDependency */,
			);
			fileSystemSynchronizedGroups = (
				3562DD192D1084BE001DC904 /* EventCountdownTests */,
			);
			name = EventCountdownTests;
			packageProductDependencies = (
			);
			productName = EventCountdownTests;
			productReference = 3562DD162D1084BE001DC904 /* EventCountdownTests.xctest */;
			productType = "com.apple.product-type.bundle.unit-test";
		};
		3562DD1F2D1084BE001DC904 /* EventCountdownUITests */ = {
			isa = PBXNativeTarget;
			buildConfigurationList = 3562DD302D1084BE001DC904 /* Build configuration list for PBXNativeTarget "EventCountdownUITests" */;
			buildPhases = (
				3562DD1C2D1084BE001DC904 /* Sources */,
				3562DD1D2D1084BE001DC904 /* Frameworks */,
				3562DD1E2D1084BE001DC904 /* Resources */,
			);
			buildRules = (
			);
			dependencies = (
				3562DD222D1084BE001DC904 /* PBXTargetDependency */,
			);
			fileSystemSynchronizedGroups = (
				3562DD232D1084BE001DC904 /* EventCountdownUITests */,
			);
			name = EventCountdownUITests;
			packageProductDependencies = (
			);
			productName = EventCountdownUITests;
			productReference = 3562DD202D1084BE001DC904 /* EventCountdownUITests.xctest */;
			productType = "com.apple.product-type.bundle.ui-testing";
		};
/* End PBXNativeTarget section */

/* Begin PBXProject section */
		3562DCFE2D1084BD001DC904 /* Project object */ = {
			isa = PBXProject;
			attributes = {
				BuildIndependentTargetsInParallel = 1;
				LastSwiftUpdateCheck = 1600;
				LastUpgradeCheck = 1600;
				TargetAttributes = {
					3562DD052D1084BD001DC904 = {
						CreatedOnToolsVersion = 16.0;
					};
					3562DD152D1084BE001DC904 = {
						CreatedOnToolsVersion = 16.0;
						TestTargetID = 3562DD052D1084BD001DC904;
					};
					3562DD1F2D1084BE001DC904 = {
						CreatedOnToolsVersion = 16.0;
						TestTargetID = 3562DD052D1084BD001DC904;
					};
				};
			};
			buildConfigurationList = 3562DD012D1084BD001DC904 /* Build configuration list for PBXProject "EventCountdown" */;
			developmentRegion = en;
			hasScannedForEncodings = 0;
			knownRegions = (
				en,
				Base,
			);
			mainGroup = 3562DCFD2D1084BD001DC904;
			minimizedProjectReferenceProxies = 1;
			preferredProjectObjectVersion = 77;
			productRefGroup = 3562DD072D1084BD001DC904 /* Products */;
			projectDirPath = "";
			projectRoot = "";
			targets = (
				3562DD052D1084BD001DC904 /* EventCountdown */,
				3562DD152D1084BE001DC904 /* EventCountdownTests */,
				3562DD1F2D1084BE001DC904 /* EventCountdownUITests */,
			);
		};
/* End PBXProject section */

/* Begin PBXResourcesBuildPhase section */
		3562DD042D1084BD001DC904 /* Resources */ = {
			isa = PBXResourcesBuildPhase;
			buildActionMask = 2147483647;
			files = (
			);
			runOnlyForDeploymentPostprocessing = 0;
		};
		3562DD142D1084BE001DC904 /* Resources */ = {
			isa = PBXResourcesBuildPhase;
			buildActionMask = 2147483647;
			files = (
			);
			runOnlyForDeploymentPostprocessing = 0;
		};
		3562DD1E2D1084BE001DC904 /* Resources */ = {
			isa = PBXResourcesBuildPhase;
			buildActionMask = 2147483647;
			files = (
			);
			runOnlyForDeploymentPostprocessing = 0;
		};
/* End PBXResourcesBuildPhase section */

/* Begin PBXSourcesBuildPhase section */
		3562DD022D1084BD001DC904 /* Sources */ = {
			isa = PBXSourcesBuildPhase;
			buildActionMask = 2147483647;
			files = (
			);
			runOnlyForDeploymentPostprocessing = 0;
		};
		3562DD122D1084BE001DC904 /* Sources */ = {
			isa = PBXSourcesBuildPhase;
			buildActionMask = 2147483647;
			files = (
			);
			runOnlyForDeploymentPostprocessing = 0;
		};
		3562DD1C2D1084BE001DC904 /* Sources */ = {
			isa = PBXSourcesBuildPhase;
			buildActionMask = 2147483647;
			files = (
			);
			runOnlyForDeploymentPostprocessing = 0;
		};
/* End PBXSourcesBuildPhase section */

/* Begin PBXTargetDependency section */
		3562DD182D1084BE001DC904 /* PBXTargetDependency */ = {
			isa = PBXTargetDependency;
			target = 3562DD052D1084BD001DC904 /* EventCountdown */;
			targetProxy = 3562DD172D1084BE001DC904 /* PBXContainerItemProxy */;
		};
		3562DD222D1084BE001DC904 /* PBXTargetDependency */ = {
			isa = PBXTargetDependency;
			target = 3562DD052D1084BD001DC904 /* EventCountdown */;
			targetProxy = 3562DD212D1084BE001DC904 /* PBXContainerItemProxy */;
		};
/* End PBXTargetDependency section */

/* Begin XCBuildConfiguration section */
		3562DD282D1084BE001DC904 /* Debug */ = {
			isa = XCBuildConfiguration;
			buildSettings = {
				ALWAYS_SEARCH_USER_PATHS = NO;
				ASSETCATALOG_COMPILER_GENERATE_SWIFT_ASSET_SYMBOL_EXTENSIONS = YES;
				CLANG_ANALYZER_NONNULL = YES;
				CLANG_ANALYZER_NUMBER_OBJECT_CONVERSION = YES_AGGRESSIVE;
				CLANG_CXX_LANGUAGE_STANDARD = "gnu++20";
				CLANG_ENABLE_MODULES = YES;
				CLANG_ENABLE_OBJC_ARC = YES;
				CLANG_ENABLE_OBJC_WEAK = YES;
				CLANG_WARN_BLOCK_CAPTURE_AUTORELEASING = YES;
				CLANG_WARN_BOOL_CONVERSION = YES;
				CLANG_WARN_COMMA = YES;
				CLANG_WARN_CONSTANT_CONVERSION = YES;
				CLANG_WARN_DEPRECATED_OBJC_IMPLEMENTATIONS = YES;
				CLANG_WARN_DIRECT_OBJC_ISA_USAGE = YES_ERROR;
				CLANG_WARN_DOCUMENTATION_COMMENTS = YES;
				CLANG_WARN_EMPTY_BODY = YES;
				CLANG_WARN_ENUM_CONVERSION = YES;
				CLANG_WARN_INFINITE_RECURSION = YES;
				CLANG_WARN_INT_CONVERSION = YES;
				CLANG_WARN_NON_LITERAL_NULL_CONVERSION = YES;
				CLANG_WARN_OBJC_IMPLICIT_RETAIN_SELF = YES;
				CLANG_WARN_OBJC_LITERAL_CONVERSION = YES;
				CLANG_WARN_OBJC_ROOT_CLASS = YES_ERROR;
				CLANG_WARN_QUOTED_INCLUDE_IN_FRAMEWORK_HEADER = YES;
				CLANG_WARN_RANGE_LOOP_ANALYSIS = YES;
				CLANG_WARN_STRICT_PROTOTYPES = YES;
				CLANG_WARN_SUSPICIOUS_MOVE = YES;
				CLANG_WARN_UNGUARDED_AVAILABILITY = YES_AGGRESSIVE;
				CLANG_WARN_UNREACHABLE_CODE = YES;
				CLANG_WARN__DUPLICATE_METHOD_MATCH = YES;
				COPY_PHASE_STRIP = NO;
				DEBUG_INFORMATION_FORMAT = dwarf;
				ENABLE_STRICT_OBJC_MSGSEND = YES;
				ENABLE_TESTABILITY = YES;
				ENABLE_USER_SCRIPT_SANDBOXING = YES;
				GCC_C_LANGUAGE_STANDARD = gnu17;
				GCC_DYNAMIC_NO_PIC = NO;
				GCC_NO_COMMON_BLOCKS = YES;
				GCC_OPTIMIZATION_LEVEL = 0;
				GCC_PREPROCESSOR_DEFINITIONS = (
					"DEBUG=1",
					"$(inherited)",
				);
				GCC_WARN_64_TO_32_BIT_CONVERSION = YES;
				GCC_WARN_ABOUT_RETURN_TYPE = YES_ERROR;
				GCC_WARN_UNDECLARED_SELECTOR = YES;
				GCC_WARN_UNINITIALIZED_AUTOS = YES_AGGRESSIVE;
				GCC_WARN_UNUSED_FUNCTION = YES;
				GCC_WARN_UNUSED_VARIABLE = YES;
				IPHONEOS_DEPLOYMENT_TARGET = 18.0;
				LOCALIZATION_PREFERS_STRING_CATALOGS = YES;
				MTL_ENABLE_DEBUG_INFO = INCLUDE_SOURCE;
				MTL_FAST_MATH = YES;
				ONLY_ACTIVE_ARCH = YES;
				SDKROOT = iphoneos;
				SWIFT_ACTIVE_COMPILATION_CONDITIONS = "DEBUG $(inherited)";
				SWIFT_OPTIMIZATION_LEVEL = "-Onone";
			};
			name = Debug;
		};
		3562DD292D1084BE001DC904 /* Release */ = {
			isa = XCBuildConfiguration;
			buildSettings = {
				ALWAYS_SEARCH_USER_PATHS = NO;
				ASSETCATALOG_COMPILER_GENERATE_SWIFT_ASSET_SYMBOL_EXTENSIONS = YES;
				CLANG_ANALYZER_NONNULL = YES;
				CLANG_ANALYZER_NUMBER_OBJECT_CONVERSION = YES_AGGRESSIVE;
				CLANG_CXX_LANGUAGE_STANDARD = "gnu++20";
				CLANG_ENABLE_MODULES = YES;
				CLANG_ENABLE_OBJC_ARC = YES;
				CLANG_ENABLE_OBJC_WEAK = YES;
				CLANG_WARN_BLOCK_CAPTURE_AUTORELEASING = YES;
				CLANG_WARN_BOOL_CONVERSION = YES;
				CLANG_WARN_COMMA = YES;
				CLANG_WARN_CONSTANT_CONVERSION = YES;
				CLANG_WARN_DEPRECATED_OBJC_IMPLEMENTATIONS = YES;
				CLANG_WARN_DIRECT_OBJC_ISA_USAGE = YES_ERROR;
				CLANG_WARN_DOCUMENTATION_COMMENTS = YES;
				CLANG_WARN_EMPTY_BODY = YES;
				CLANG_WARN_ENUM_CONVERSION = YES;
				CLANG_WARN_INFINITE_RECURSION = YES;
				CLANG_WARN_INT_CONVERSION = YES;
				CLANG_WARN_NON_LITERAL_NULL_CONVERSION = YES;
				CLANG_WARN_OBJC_IMPLICIT_RETAIN_SELF = YES;
				CLANG_WARN_OBJC_LITERAL_CONVERSION = YES;
				CLANG_WARN_OBJC_ROOT_CLASS = YES_ERROR;
				CLANG_WARN_QUOTED_INCLUDE_IN_FRAMEWORK_HEADER = YES;
				CLANG_WARN_RANGE_LOOP_ANALYSIS = YES;
				CLANG_WARN_STRICT_PROTOTYPES = YES;
				CLANG_WARN_SUSPICIOUS_MOVE = YES;
				CLANG_WARN_UNGUARDED_AVAILABILITY = YES_AGGRESSIVE;
				CLANG_WARN_UNREACHABLE_CODE = YES;
				CLANG_WARN__DUPLICATE_METHOD_MATCH = YES;
				COPY_PHASE_STRIP = NO;
				DEBUG_INFORMATION_FORMAT = "dwarf-with-dsym";
				ENABLE_NS_ASSERTIONS = NO;
				ENABLE_STRICT_OBJC_MSGSEND = YES;
				ENABLE_USER_SCRIPT_SANDBOXING = YES;
				GCC_C_LANGUAGE_STANDARD = gnu17;
				GCC_NO_COMMON_BLOCKS = YES;
				GCC_WARN_64_TO_32_BIT_CONVERSION = YES;
				GCC_WARN_ABOUT_RETURN_TYPE = YES_ERROR;
				GCC_WARN_UNDECLARED_SELECTOR = YES;
				GCC_WARN_UNINITIALIZED_AUTOS = YES_AGGRESSIVE;
				GCC_WARN_UNUSED_FUNCTION = YES;
				GCC_WARN_UNUSED_VARIABLE = YES;
				IPHONEOS_DEPLOYMENT_TARGET = 18.0;
				LOCALIZATION_PREFERS_STRING_CATALOGS = YES;
				MTL_ENABLE_DEBUG_INFO = NO;
				MTL_FAST_MATH = YES;
				SDKROOT = iphoneos;
				SWIFT_COMPILATION_MODE = wholemodule;
				VALIDATE_PRODUCT = YES;
			};
			name = Release;
		};
		3562DD2B2D1084BE001DC904 /* Debug */ = {
			isa = XCBuildConfiguration;
			buildSettings = {
				ASSETCATALOG_COMPILER_APPICON_NAME = AppIcon;
				ASSETCATALOG_COMPILER_GLOBAL_ACCENT_COLOR_NAME = AccentColor;
				CODE_SIGN_STYLE = Automatic;
				CURRENT_PROJECT_VERSION = 1;
				DEVELOPMENT_ASSET_PATHS = "\"EventCountdown/Preview Content\"";
				ENABLE_PREVIEWS = YES;
				GENERATE_INFOPLIST_FILE = YES;
				INFOPLIST_KEY_UIApplicationSceneManifest_Generation = YES;
				INFOPLIST_KEY_UIApplicationSupportsIndirectInputEvents = YES;
				INFOPLIST_KEY_UILaunchScreen_Generation = YES;
				INFOPLIST_KEY_UISupportedInterfaceOrientations_iPad = "UIInterfaceOrientationPortrait UIInterfaceOrientationPortraitUpsideDown UIInterfaceOrientationLandscapeLeft UIInterfaceOrientationLandscapeRight";
				INFOPLIST_KEY_UISupportedInterfaceOrientations_iPhone = "UIInterfaceOrientationPortrait UIInterfaceOrientationLandscapeLeft UIInterfaceOrientationLandscapeRight";
				LD_RUNPATH_SEARCH_PATHS = (
					"$(inherited)",
					"@executable_path/Frameworks",
				);
				MARKETING_VERSION = 1.0;
				PRODUCT_BUNDLE_IDENTIFIER = dev.nguyenmphu.EventCountdown;
				PRODUCT_NAME = "$(TARGET_NAME)";
				SWIFT_EMIT_LOC_STRINGS = YES;
				SWIFT_VERSION = 5.0;
				TARGETED_DEVICE_FAMILY = "1,2";
			};
			name = Debug;
		};
		3562DD2C2D1084BE001DC904 /* Release */ = {
			isa = XCBuildConfiguration;
			buildSettings = {
				ASSETCATALOG_COMPILER_APPICON_NAME = AppIcon;
				ASSETCATALOG_COMPILER_GLOBAL_ACCENT_COLOR_NAME = AccentColor;
				CODE_SIGN_STYLE = Automatic;
				CURRENT_PROJECT_VERSION = 1;
				DEVELOPMENT_ASSET_PATHS = "\"EventCountdown/Preview Content\"";
				ENABLE_PREVIEWS = YES;
				GENERATE_INFOPLIST_FILE = YES;
				INFOPLIST_KEY_UIApplicationSceneManifest_Generation = YES;
				INFOPLIST_KEY_UIApplicationSupportsIndirectInputEvents = YES;
				INFOPLIST_KEY_UILaunchScreen_Generation = YES;
				INFOPLIST_KEY_UISupportedInterfaceOrientations_iPad = "UIInterfaceOrientationPortrait UIInterfaceOrientationPortraitUpsideDown UIInterfaceOrientationLandscapeLeft UIInterfaceOrientationLandscapeRight";
				INFOPLIST_KEY_UISupportedInterfaceOrientations_iPhone = "UIInterfaceOrientationPortrait UIInterfaceOrientationLandscapeLeft UIInterfaceOrientationLandscapeRight";
				LD_RUNPATH_SEARCH_PATHS = (
					"$(inherited)",
					"@executable_path/Frameworks",
				);
				MARKETING_VERSION = 1.0;
				PRODUCT_BUNDLE_IDENTIFIER = dev.nguyenmphu.EventCountdown;
				PRODUCT_NAME = "$(TARGET_NAME)";
				SWIFT_EMIT_LOC_STRINGS = YES;
				SWIFT_VERSION = 5.0;
				TARGETED_DEVICE_FAMILY = "1,2";
			};
			name = Release;
		};
		3562DD2E2D1084BE001DC904 /* Debug */ = {
			isa = XCBuildConfiguration;
			buildSettings = {
				BUNDLE_LOADER = "$(TEST_HOST)";
				CODE_SIGN_STYLE = Automatic;
				CURRENT_PROJECT_VERSION = 1;
				GENERATE_INFOPLIST_FILE = YES;
				IPHONEOS_DEPLOYMENT_TARGET = 18.0;
				MARKETING_VERSION = 1.0;
				PRODUCT_BUNDLE_IDENTIFIER = dev.nguyenmphu.EventCountdownTests;
				PRODUCT_NAME = "$(TARGET_NAME)";
				SWIFT_EMIT_LOC_STRINGS = NO;
				SWIFT_VERSION = 5.0;
				TARGETED_DEVICE_FAMILY = "1,2";
				TEST_HOST = "$(BUILT_PRODUCTS_DIR)/EventCountdown.app/$(BUNDLE_EXECUTABLE_FOLDER_PATH)/EventCountdown";
			};
			name = Debug;
		};
		3562DD2F2D1084BE001DC904 /* Release */ = {
			isa = XCBuildConfiguration;
			buildSettings = {
				BUNDLE_LOADER = "$(TEST_HOST)";
				CODE_SIGN_STYLE = Automatic;
				CURRENT_PROJECT_VERSION = 1;
				GENERATE_INFOPLIST_FILE = YES;
				IPHONEOS_DEPLOYMENT_TARGET = 18.0;
				MARKETING_VERSION = 1.0;
				PRODUCT_BUNDLE_IDENTIFIER = dev.nguyenmphu.EventCountdownTests;
				PRODUCT_NAME = "$(TARGET_NAME)";
				SWIFT_EMIT_LOC_STRINGS = NO;
				SWIFT_VERSION = 5.0;
				TARGETED_DEVICE_FAMILY = "1,2";
				TEST_HOST = "$(BUILT_PRODUCTS_DIR)/EventCountdown.app/$(BUNDLE_EXECUTABLE_FOLDER_PATH)/EventCountdown";
			};
			name = Release;
		};
		3562DD312D1084BE001DC904 /* Debug */ = {
			isa = XCBuildConfiguration;
			buildSettings = {
				CODE_SIGN_STYLE = Automatic;
				CURRENT_PROJECT_VERSION = 1;
				GENERATE_INFOPLIST_FILE = YES;
				MARKETING_VERSION = 1.0;
				PRODUCT_BUNDLE_IDENTIFIER = dev.nguyenmphu.EventCountdownUITests;
				PRODUCT_NAME = "$(TARGET_NAME)";
				SWIFT_EMIT_LOC_STRINGS = NO;
				SWIFT_VERSION = 5.0;
				TARGETED_DEVICE_FAMILY = "1,2";
				TEST_TARGET_NAME = EventCountdown;
			};
			name = Debug;
		};
		3562DD322D1084BE001DC904 /* Release */ = {
			isa = XCBuildConfiguration;
			buildSettings = {
				CODE_SIGN_STYLE = Automatic;
				CURRENT_PROJECT_VERSION = 1;
				GENERATE_INFOPLIST_FILE = YES;
				MARKETING_VERSION = 1.0;
				PRODUCT_BUNDLE_IDENTIFIER = dev.nguyenmphu.EventCountdownUITests;
				PRODUCT_NAME = "$(TARGET_NAME)";
				SWIFT_EMIT_LOC_STRINGS = NO;
				SWIFT_VERSION = 5.0;
				TARGETED_DEVICE_FAMILY = "1,2";
				TEST_TARGET_NAME = EventCountdown;
			};
			name = Release;
		};
/* End XCBuildConfiguration section */

/* Begin XCConfigurationList section */
		3562DD012D1084BD001DC904 /* Build configuration list for PBXProject "EventCountdown" */ = {
			isa = XCConfigurationList;
			buildConfigurations = (
				3562DD282D1084BE001DC904 /* Debug */,
				3562DD292D1084BE001DC904 /* Release */,
			);
			defaultConfigurationIsVisible = 0;
			defaultConfigurationName = Release;
		};
		3562DD2A2D1084BE001DC904 /* Build configuration list for PBXNativeTarget "EventCountdown" */ = {
			isa = XCConfigurationList;
			buildConfigurations = (
				3562DD2B2D1084BE001DC904 /* Debug */,
				3562DD2C2D1084BE001DC904 /* Release */,
			);
			defaultConfigurationIsVisible = 0;
			defaultConfigurationName = Release;
		};
		3562DD2D2D1084BE001DC904 /* Build configuration list for PBXNativeTarget "EventCountdownTests" */ = {
			isa = XCConfigurationList;
			buildConfigurations = (
				3562DD2E2D1084BE001DC904 /* Debug */,
				3562DD2F2D1084BE001DC904 /* Release */,
			);
			defaultConfigurationIsVisible = 0;
			defaultConfigurationName = Release;
		};
		3562DD302D1084BE001DC904 /* Build configuration list for PBXNativeTarget "EventCountdownUITests" */ = {
			isa = XCConfigurationList;
			buildConfigurations = (
				3562DD312D1084BE001DC904 /* Debug */,
				3562DD322D1084BE001DC904 /* Release */,
			);
			defaultConfigurationIsVisible = 0;
			defaultConfigurationName = Release;
		};
/* End XCConfigurationList section */
	};
	rootObject = 3562DCFE2D1084BD001DC904 /* Project object */;
}
